{
  "version": "1.0.0",
  "lockfileVersion": 2,
  "workspaces": {
    "": {
      "name": "@stacksjs/ts-css",
      "devDependencies": {
        "better-dx": "^0.2.15"
      },
      "system": {
        "bun.sh": "^1.3.14"
      }
    },
    "packages/crosswind": {
      "name": "@stacksjs/ts-css",
      "version": "0.2.10",
      "dependencies": {
        "@stacksjs/clapp": "^0.2.0",
        "bunfig": "^0.15.15"
      }
    },
    "packages/vscode": {
      "name": "crosswind-vscode",
      "version": "0.3.8"
    }
  },
  "packages": {
    "@stacksjs/clapp@0.2.10": {
      "name": "@stacksjs/clapp",
      "version": "0.2.10",
      "source": "npm",
      "resolved": "https://registry.npmjs.org/@stacksjs/clapp/-/clapp-0.2.10.tgz",
      "integrity": "sha512-l/2F0u5ihpae8R4kJ3Pdh6tV7aEpSxu6hCyafhw38Fl9+x2YKxZfUK+fF/G5AVwSzJar3dkKuMxbMcQ0PXKGRg=="
    },
    "better-dx@0.2.19": {
      "name": "better-dx",
      "version": "0.2.19",
      "source": "npm",
      "resolved": "https://registry.npmjs.org/better-dx/-/better-dx-0.2.19.tgz",
      "integrity": "sha512-4ZmFRxyDWshLY/fFYdXXfRA0YjONYUgws/6qd8xPjbQ5eRZ2FwzWO+hK7+fsZN5XcusHHPRz44TYVX1AznvR8g==",
      "dependencies": {
        "@stacksjs/bumpx": "^0.2.5",
        "@stacksjs/bunpress": "^0.1.4",
        "@stacksjs/clapp": "^0.2.6",
        "@stacksjs/clarity": "^0.3.28",
        "@stacksjs/gitlint": "^0.1.5",
        "@stacksjs/logsmith": "^0.2.1",
        "@types/bun": "^1.3.13",
        "buddy-bot": "^0.9.17",
        "bun-git-hooks": "^0.3.2",
        "bun-plugin-dtsx": "^0.10.6",
        "bunfig": "^0.15.11",
        "pickier": "^0.1.28",
        "ts-error-handling": "^0.1.1",
        "typescript": "^7.0.2"
      }
    },
    "bun.sh@1.3.14": {
      "name": "bun.sh",
      "version": "1.3.14",
      "source": "pantry",
      "resolved": "registry:bun.sh@1.3.14"
    },
    "bunfig@0.15.15": {
      "name": "bunfig",
      "version": "0.15.15",
      "source": "npm",
      "resolved": "https://registry.npmjs.org/bunfig/-/bunfig-0.15.15.tgz",
      "integrity": "sha512-LEBk4M2WqwsJs7U9N5ZnEV6C9Oq74yhcF0VQj/dFBLWyxhDozH3xn4zxrJOFyTwYzYPn6AyDGtSnq2B05HrWZA==",
      "dependencies": {
        "@stacksjs/clapp": "^0.2.0",
        "@stacksjs/clarity": "^0.3.24"
      },
      "bin": {
        "bunfig": "./bin/cli.js"
      }
    }
  }
}
